
Microsoft Visual Studio Solution File, Format Version 12.00
# Visual Studio Version 16
VisualStudioVersion = 16.0.30011.22
MinimumVisualStudioVersion = 10.0.40219.1
Project("{FAE04EC0-301F-11D3-BF4B-00C04F79EFBC}") = "project2", "project2\project2.csproj", "{9053E5CA-451E-4D40-B2BC-6B7FAD600CA9}"
EndProject
Global
	GlobalSection(SolutionConfigurationPlatforms) = preSolution
		Debug|Any CPU = Debug|Any CPU
		Release|Any CPU = Release|Any CPU
	EndGlobalSection
	GlobalSection(ProjectConfigurationPlatforms) = postSolution
		{9053E5CA-451E-4D40-B2BC-6B7FAD600CA9}.Debug|Any CPU.ActiveCfg = Debug|Any CPU
		{9053E5CA-451E-4D40-B2BC-6B7FAD600CA9}.Debug|Any CPU.Build.0 = Debug|Any CPU
		{9053E5CA-451E-4D40-B2BC-6B7FAD600CA9}.Release|Any CPU.ActiveCfg = Release|Any CPU
		{9053E5CA-451E-4D40-B2BC-6B7FAD600CA9}.Release|Any CPU.Build.0 = Release|Any CPU
	EndGlobalSection
	GlobalSection(SolutionProperties) = preSolution
		HideSolutionNode = FALSE
	EndGlobalSection
	GlobalSection(ExtensibilityGlobals) = postSolution
		SolutionGuid = {F840CB10-95B6-4C50-A189-BA909C36F1B3}
	EndGlobalSection
EndGlobal
